PODS:
  - Flutter (1.0.0)
  - flutter_ali_auth (0.0.1):
    - Flutter
    - MBProgressHUD
    - MJExtension
    - SDWebImage
  - MBProgressHUD (1.2.0)
  - MJExtension (3.4.1)
  - SDWebImage (5.17.0):
    - SDWebImage/Core (= 5.17.0)
  - SDWebImage/Core (5.17.0)

DEPENDENCIES:
  - Flutter (from `Flutter`)
  - flutter_ali_auth (from `.symlinks/plugins/flutter_ali_auth/ios`)

SPEC REPOS:
  trunk:
    - MBProgressHUD
    - MJExtension
    - SDWebImage

EXTERNAL SOURCES:
  Flutter:
    :path: Flutter
  flutter_ali_auth:
    :path: ".symlinks/plugins/flutter_ali_auth/ios"

SPEC CHECKSUMS:
  Flutter: e0871f40cf51350855a761d2e70bf5af5b9b5de7
  flutter_ali_auth: 5ee4b73845580b8b1c09b30471e40eaaeded508b
  MBProgressHUD: 3ee5efcc380f6a79a7cc9b363dd669c5e1ae7406
  MJExtension: 21c5f6f8c4d5d8844b7ae8fbae08fed0b501f961
  SDWebImage: 750adf017a315a280c60fde706ab1e552a3ae4e9

PODFILE CHECKSUM: c4c93c5f6502fe2754f48404d3594bf779584011

COCOAPODS: 1.16.2
